github.com/go-gfx/gfx v0.5.0 h1:nqSi8dgxFO1oSKOXwcw9DZisr5qr9sPsUOrClMgPlRs=
github.com/go-gfx/gfx v0.5.0/go.mod h1:bFt/MWyYWRU3Ic9IaB8XOC9KLMMHRRmahMk4FaIGK7g=
github.com/go-images/images v0.0.0-20260811115337-bc5d586f8e38 h1:p+DjIujiwUvBiyD0oS9SUatf3pMKo0GpcA4p/Kyv7d8=
github.com/go-images/images v0.0.0-20260811115337-bc5d586f8e38/go.mod h1:nWwQCf77xG1GhaSD3rvlp7FNjjDhz47vrztyeBvIerk=
github.com/go-opentype/bidi v0.2.1 h1:7xCGqywPYxmwSfPBgP1Ewrp2Iwg2S03NeKxGWTz2guo=
github.com/go-opentype/bidi v0.2.1/go.mod h1:PaWZ9P93jwQaXsEvAoSxvJ3P70S9f8TuFGDstTvcfmM=
github.com/go-opentype/fonts v0.6.0 h1:pUKITjwC/gZg+XNCqP5eGLi8RHu2RAIcDrr6yp1VKMU=
github.com/go-opentype/fonts v0.6.0/go.mod h1:C6yQL2apHItfEZ5hztpsHF0S5mlX/hklLlq/Z5fRG/g=
github.com/go-opentype/opentype v0.6.0 h1:2t1Qs/Uo4M+f9gahV5QGihLTTeI/q4s0l7MIsbkd290=
github.com/go-opentype/opentype v0.6.0/go.mod h1:AOixevJf7XQaH7+WG+OMIOZEbYPXfMqklVk26Y6YTUU=
github.com/go-opentype/shape v0.4.0 h1:Yz8ooo9+7HlzuzS72YWjJVM22GNGFf6jcxWfNNJOsng=
github.com/go-opentype/shape v0.4.0/go.mod h1:7kybm69yrtRgQnjaxPyYI9nPRFFdBdzlrmjcYCBfCbg=
github.com/go-pdfkit/pdfkit v0.4.0 h1:gLC9YBK8Sq7OVoR6vjmO5k3tjzK++0UGGJcsWDCt2Xw=
github.com/go-pdfkit/pdfkit v0.4.0/go.mod h1:HkjxMIqOjZvJT0KLme1WS6J9jguiTdWi+zLdTYbGIkc=
github.com/go-tex/engine v0.159.0 h1:Pp9x6QbSr6uEk1V8GclYJfE6A6fgK9CcuHt+Q8tWKzE=
github.com/go-tex/engine v0.159.0/go.mod h1:91iBHNKOKBS7eQ51ZJ8+wZ8uOetCSgbd93sWLo8I054=
github.com/go-tex/math v0.18.0 h1:rzFBFVvS5zKylsecY0fRkY3KWqVxiJQhFX6qXd7aEXQ=
github.com/go-tex/math v0.18.0/go.mod h1:eNq1Js988sqQRsxNR08JFQ5dQfyqfd8CYf5fE3iWbhU=
github.com/go-widgets/mvvm v0.5.0 h1:o5hh6HAxbApONcbZxmyV9q12pCAPGRd6L24aS3gaCbA=
github.com/go-widgets/mvvm v0.5.0/go.mod h1:Phdrd434RLxXW1D6dL1PPQH1tABwYLIN2X7jQVC4TbY=
github.com/go-widgets/painter v0.11.0 h1:xsj4zTz8B43rOZnWrx7ZsaUBMgJyvgaE/Pq2FfcG2Sw=
github.com/go-widgets/painter v0.11.0/go.mod h1:IPRLqdUJuJX8sfuHeYLZCzjoLvA0ApbOlyIAVmguJDQ=
github.com/go-widgets/toolkit v0.191.1 h1:ROrs1pT5hfUrwYI5O+yH/RpMxBb4vDi8h1qHp2gFWo0=
github.com/go-widgets/toolkit v0.191.1/go.mod h1:bejJoX1JvlJXc+FU95Dq2QKBAqd3Rgj95iiTQu9KZXo=
github.com/sergeymakinen/go-bmp v1.0.0 h1:SdGTzp9WvCV0A1V0mBeaS7kQAwNLdVJbmHlqNWq0R+M=
github.com/sergeymakinen/go-bmp v1.0.0/go.mod h1:/mxlAQZRLxSvJFNIEGGLBE/m40f3ZnUifpgVDlcUIEY=
github.com/sergeymakinen/go-ico v1.0.0 h1:uL3khgvKkY6WfAetA+RqsguClBuu7HpvBB/nq/Jvr80=
github.com/sergeymakinen/go-ico v1.0.0/go.mod h1:wQ47mTczswBO5F0NoDt7O0IXgnV4Xy3ojrroMQzyhUk=
golang.org/x/image v0.45.0 h1:FMb1nTbH5H9vF55SriQHgFw5GnNL9Jg6L25BwXKzhB0=
golang.org/x/image v0.45.0/go.mod h1:n62x/7RqlwXDvGsSU4u6IUTUf6KghUZ9Bt7cG/T9Fx4=
golang.org/x/text v0.41.0 h1:vz/seA0lnX87Othu2f/0L24RcgrXD9/YFTSuGjj3rH8=
golang.org/x/text v0.41.0/go.mod h1:jvf1O8ajNzZqhSrQBPbutR/EB83Cc0CFrezNQIwbb5M=
rsc.io/pdf v0.1.1 h1:k1MczvYDUvJBe93bYd7wrZLLUEcLZAuF824/I4e5Xr4=
rsc.io/pdf v0.1.1/go.mod h1:n8OzWcQ6Sp37PL01nO98y4iUCRdTGarVfzxY20ICaU4=
